
Microsoft Visual Studio Solution File, Format Version 12.00
# Visual Studio Version 17
VisualStudioVersion = 17.1.32210.238
MinimumVisualStudioVersion = 10.0.40219.1
Project("{2150E333-8FDC-42A3-9474-1A3956D46DE8}") = "src", "src", "{B02B4CDC-D3A7-4321-8BB9-E96CBD2BD2D8}"
EndProject
Project("{2150E333-8FDC-42A3-9474-1A3956D46DE8}") = "app", "app", "{AE42CF1C-DC19-4FA7-B77B-4D6B0B760ECD}"
EndProject
Project("{2150E333-8FDC-42A3-9474-1A3956D46DE8}") = "business", "business", "{DFD1EC30-F0E3-46A9-BDE2-8CB6B72B6FD8}"
EndProject
Project("{2150E333-8FDC-42A3-9474-1A3956D46DE8}") = "common", "common", "{FE04B086-4D75-4E81-84B0-C90A8A8187C4}"
EndProject
Project("{2150E333-8FDC-42A3-9474-1A3956D46DE8}") = "database", "database", "{B2D81B71-96B4-49F7-A9C9-6170986A90A3}"
EndProject
Project("{2150E333-8FDC-42A3-9474-1A3956D46DE8}") = "web", "web", "{899135AD-8B8C-493B-8F78-5EC1D1FB9A7E}"
EndProject
Project("{FAE04EC0-301F-11D3-BF4B-00C04F79EFBC}") = "VIVU.Data", "VIVU.Data\VIVU.Data.csproj", "{F5082515-C031-4D04-B0DE-C565DBBE8FA4}"
EndProject
Project("{FAE04EC0-301F-11D3-BF4B-00C04F79EFBC}") = "VIVU.Data.Shared", "VIVU.Data.Shared\VIVU.Data.Shared.csproj", "{12DFCAB5-1D6F-48FC-BD79-268A035C9679}"
EndProject
Project("{FAE04EC0-301F-11D3-BF4B-00C04F79EFBC}") = "VIVU.Common", "VIVU.Common\VIVU.Common.csproj", "{2692F14E-8AAC-4215-9CF4-E95F29D503FE}"
EndProject
Project("{FAE04EC0-301F-11D3-BF4B-00C04F79EFBC}") = "VIVU.Ultils", "VIVU.Ultils\VIVU.Ultils.csproj", "{A51AEC2C-D229-45E4-A425-4217E9CFCE5B}"
EndProject
Project("{FAE04EC0-301F-11D3-BF4B-00C04F79EFBC}") = "VIVU.Logic", "VIVU.Logic\VIVU.Logic.csproj", "{D4518901-53C2-4586-B1AD-A65566BC92E6}"
EndProject
Project("{FAE04EC0-301F-11D3-BF4B-00C04F79EFBC}") = "VIVU.Shared", "VIVU.Shared\VIVU.Shared.csproj", "{B92707C8-CDF1-4E07-9B12-925F73CD2C1F}"
EndProject
Project("{FAE04EC0-301F-11D3-BF4B-00C04F79EFBC}") = "VIVU.Website", "VIVU.Website\VIVU.Website.csproj", "{DF7BABD5-3DE2-4BE8-811A-1A613EE7337C}"
EndProject
Project("{FAE04EC0-301F-11D3-BF4B-00C04F79EFBC}") = "VIVU.Login", "VIVU.Login\VIVU.Login.csproj", "{72E42D40-3994-4F3A-B10A-3F8A18186E36}"
EndProject
Project("{FAE04EC0-301F-11D3-BF4B-00C04F79EFBC}") = "VIVU.CMS", "VIVU.CMS\VIVU.CMS.csproj", "{A7A055EA-6011-445B-8693-B103E68E6170}"
EndProject
Project("{FAE04EC0-301F-11D3-BF4B-00C04F79EFBC}") = "VIVU.API", "VIVU.API\VIVU.API.csproj", "{58596523-57CE-42FE-8402-94847A0B4AD5}"
EndProject
Project("{2150E333-8FDC-42A3-9474-1A3956D46DE8}") = "intergration", "intergration", "{29ADFE7F-3AE6-45AA-AD02-05CBC39EA347}"
EndProject
Project("{FAE04EC0-301F-11D3-BF4B-00C04F79EFBC}") = "VIVU.Intergration", "VIVU.Intergration\VIVU.Intergration.csproj", "{E54816C4-9316-46C7-9620-DBAC24DF40E4}"
EndProject
Global
	GlobalSection(SolutionConfigurationPlatforms) = preSolution
		Debug|Any CPU = Debug|Any CPU
		Release|Any CPU = Release|Any CPU
	EndGlobalSection
	GlobalSection(ProjectConfigurationPlatforms) = postSolution
		{F5082515-C031-4D04-B0DE-C565DBBE8FA4}.Debug|Any CPU.ActiveCfg = Debug|Any CPU
		{F5082515-C031-4D04-B0DE-C565DBBE8FA4}.Debug|Any CPU.Build.0 = Debug|Any CPU
		{F5082515-C031-4D04-B0DE-C565DBBE8FA4}.Release|Any CPU.ActiveCfg = Release|Any CPU
		{F5082515-C031-4D04-B0DE-C565DBBE8FA4}.Release|Any CPU.Build.0 = Release|Any CPU
		{12DFCAB5-1D6F-48FC-BD79-268A035C9679}.Debug|Any CPU.ActiveCfg = Debug|Any CPU
		{12DFCAB5-1D6F-48FC-BD79-268A035C9679}.Debug|Any CPU.Build.0 = Debug|Any CPU
		{12DFCAB5-1D6F-48FC-BD79-268A035C9679}.Release|Any CPU.ActiveCfg = Release|Any CPU
		{12DFCAB5-1D6F-48FC-BD79-268A035C9679}.Release|Any CPU.Build.0 = Release|Any CPU
		{2692F14E-8AAC-4215-9CF4-E95F29D503FE}.Debug|Any CPU.ActiveCfg = Debug|Any CPU
		{2692F14E-8AAC-4215-9CF4-E95F29D503FE}.Debug|Any CPU.Build.0 = Debug|Any CPU
		{2692F14E-8AAC-4215-9CF4-E95F29D503FE}.Release|Any CPU.ActiveCfg = Release|Any CPU
		{2692F14E-8AAC-4215-9CF4-E95F29D503FE}.Release|Any CPU.Build.0 = Release|Any CPU
		{A51AEC2C-D229-45E4-A425-4217E9CFCE5B}.Debug|Any CPU.ActiveCfg = Debug|Any CPU
		{A51AEC2C-D229-45E4-A425-4217E9CFCE5B}.Debug|Any CPU.Build.0 = Debug|Any CPU
		{A51AEC2C-D229-45E4-A425-4217E9CFCE5B}.Release|Any CPU.ActiveCfg = Release|Any CPU
		{A51AEC2C-D229-45E4-A425-4217E9CFCE5B}.Release|Any CPU.Build.0 = Release|Any CPU
		{D4518901-53C2-4586-B1AD-A65566BC92E6}.Debug|Any CPU.ActiveCfg = Debug|Any CPU
		{D4518901-53C2-4586-B1AD-A65566BC92E6}.Debug|Any CPU.Build.0 = Debug|Any CPU
		{D4518901-53C2-4586-B1AD-A65566BC92E6}.Release|Any CPU.ActiveCfg = Release|Any CPU
		{D4518901-53C2-4586-B1AD-A65566BC92E6}.Release|Any CPU.Build.0 = Release|Any CPU
		{B92707C8-CDF1-4E07-9B12-925F73CD2C1F}.Debug|Any CPU.ActiveCfg = Debug|Any CPU
		{B92707C8-CDF1-4E07-9B12-925F73CD2C1F}.Debug|Any CPU.Build.0 = Debug|Any CPU
		{B92707C8-CDF1-4E07-9B12-925F73CD2C1F}.Release|Any CPU.ActiveCfg = Release|Any CPU
		{B92707C8-CDF1-4E07-9B12-925F73CD2C1F}.Release|Any CPU.Build.0 = Release|Any CPU
		{DF7BABD5-3DE2-4BE8-811A-1A613EE7337C}.Debug|Any CPU.ActiveCfg = Debug|Any CPU
		{DF7BABD5-3DE2-4BE8-811A-1A613EE7337C}.Debug|Any CPU.Build.0 = Debug|Any CPU
		{DF7BABD5-3DE2-4BE8-811A-1A613EE7337C}.Release|Any CPU.ActiveCfg = Release|Any CPU
		{DF7BABD5-3DE2-4BE8-811A-1A613EE7337C}.Release|Any CPU.Build.0 = Release|Any CPU
		{72E42D40-3994-4F3A-B10A-3F8A18186E36}.Debug|Any CPU.ActiveCfg = Debug|Any CPU
		{72E42D40-3994-4F3A-B10A-3F8A18186E36}.Debug|Any CPU.Build.0 = Debug|Any CPU
		{72E42D40-3994-4F3A-B10A-3F8A18186E36}.Release|Any CPU.ActiveCfg = Release|Any CPU
		{72E42D40-3994-4F3A-B10A-3F8A18186E36}.Release|Any CPU.Build.0 = Release|Any CPU
		{A7A055EA-6011-445B-8693-B103E68E6170}.Debug|Any CPU.ActiveCfg = Debug|Any CPU
		{A7A055EA-6011-445B-8693-B103E68E6170}.Debug|Any CPU.Build.0 = Debug|Any CPU
		{A7A055EA-6011-445B-8693-B103E68E6170}.Release|Any CPU.ActiveCfg = Release|Any CPU
		{A7A055EA-6011-445B-8693-B103E68E6170}.Release|Any CPU.Build.0 = Release|Any CPU
		{58596523-57CE-42FE-8402-94847A0B4AD5}.Debug|Any CPU.ActiveCfg = Debug|Any CPU
		{58596523-57CE-42FE-8402-94847A0B4AD5}.Debug|Any CPU.Build.0 = Debug|Any CPU
		{58596523-57CE-42FE-8402-94847A0B4AD5}.Release|Any CPU.ActiveCfg = Release|Any CPU
		{58596523-57CE-42FE-8402-94847A0B4AD5}.Release|Any CPU.Build.0 = Release|Any CPU
		{E54816C4-9316-46C7-9620-DBAC24DF40E4}.Debug|Any CPU.ActiveCfg = Debug|Any CPU
		{E54816C4-9316-46C7-9620-DBAC24DF40E4}.Debug|Any CPU.Build.0 = Debug|Any CPU
		{E54816C4-9316-46C7-9620-DBAC24DF40E4}.Release|Any CPU.ActiveCfg = Release|Any CPU
		{E54816C4-9316-46C7-9620-DBAC24DF40E4}.Release|Any CPU.Build.0 = Release|Any CPU
	EndGlobalSection
	GlobalSection(SolutionProperties) = preSolution
		HideSolutionNode = FALSE
	EndGlobalSection
	GlobalSection(NestedProjects) = preSolution
		{AE42CF1C-DC19-4FA7-B77B-4D6B0B760ECD} = {B02B4CDC-D3A7-4321-8BB9-E96CBD2BD2D8}
		{DFD1EC30-F0E3-46A9-BDE2-8CB6B72B6FD8} = {B02B4CDC-D3A7-4321-8BB9-E96CBD2BD2D8}
		{FE04B086-4D75-4E81-84B0-C90A8A8187C4} = {B02B4CDC-D3A7-4321-8BB9-E96CBD2BD2D8}
		{B2D81B71-96B4-49F7-A9C9-6170986A90A3} = {B02B4CDC-D3A7-4321-8BB9-E96CBD2BD2D8}
		{899135AD-8B8C-493B-8F78-5EC1D1FB9A7E} = {B02B4CDC-D3A7-4321-8BB9-E96CBD2BD2D8}
		{F5082515-C031-4D04-B0DE-C565DBBE8FA4} = {B2D81B71-96B4-49F7-A9C9-6170986A90A3}
		{12DFCAB5-1D6F-48FC-BD79-268A035C9679} = {B2D81B71-96B4-49F7-A9C9-6170986A90A3}
		{2692F14E-8AAC-4215-9CF4-E95F29D503FE} = {FE04B086-4D75-4E81-84B0-C90A8A8187C4}
		{A51AEC2C-D229-45E4-A425-4217E9CFCE5B} = {FE04B086-4D75-4E81-84B0-C90A8A8187C4}
		{D4518901-53C2-4586-B1AD-A65566BC92E6} = {DFD1EC30-F0E3-46A9-BDE2-8CB6B72B6FD8}
		{B92707C8-CDF1-4E07-9B12-925F73CD2C1F} = {DFD1EC30-F0E3-46A9-BDE2-8CB6B72B6FD8}
		{DF7BABD5-3DE2-4BE8-811A-1A613EE7337C} = {899135AD-8B8C-493B-8F78-5EC1D1FB9A7E}
		{72E42D40-3994-4F3A-B10A-3F8A18186E36} = {899135AD-8B8C-493B-8F78-5EC1D1FB9A7E}
		{A7A055EA-6011-445B-8693-B103E68E6170} = {899135AD-8B8C-493B-8F78-5EC1D1FB9A7E}
		{58596523-57CE-42FE-8402-94847A0B4AD5} = {899135AD-8B8C-493B-8F78-5EC1D1FB9A7E}
		{29ADFE7F-3AE6-45AA-AD02-05CBC39EA347} = {B02B4CDC-D3A7-4321-8BB9-E96CBD2BD2D8}
		{E54816C4-9316-46C7-9620-DBAC24DF40E4} = {29ADFE7F-3AE6-45AA-AD02-05CBC39EA347}
	EndGlobalSection
	GlobalSection(ExtensibilityGlobals) = postSolution
		SolutionGuid = {33E5865D-B610-4E43-AE5A-C42FFE45B3E9}
	EndGlobalSection
EndGlobal
